
Microsoft Visual Studio Solution File, Format Version 12.00
# Visual Studio Version 17
VisualStudioVersion = 17.2.32616.157
MinimumVisualStudioVersion = 10.0.40219.1
Project("{FAE04EC0-301F-11D3-BF4B-00C04F79EFBC}") = "Vehicle Register.Android", "Vehicle Register.Android\Vehicle Register.Android.csproj", "{C9E3822E-A024-4B57-8A47-3A63BF5E5D1E}"
EndProject
Project("{FAE04EC0-301F-11D3-BF4B-00C04F79EFBC}") = "Vehicle Register.iOS", "Vehicle Register.iOS\Vehicle Register.iOS.csproj", "{5D7DA964-F2FA-40AA-9906-E476370E5C5A}"
EndProject
Project("{FAE04EC0-301F-11D3-BF4B-00C04F79EFBC}") = "Vehicle Register", "Vehicle Register\Vehicle Register.csproj", "{40B8BD8F-3E26-45AE-AA5B-B0DF26D9AD97}"
EndProject
Global
	GlobalSection(SolutionConfigurationPlatforms) = preSolution
		Debug|Any CPU = Debug|Any CPU
		Debug|iPhone = Debug|iPhone
		Debug|iPhoneSimulator = Debug|iPhoneSimulator
		Release|Any CPU = Release|Any CPU
		Release|iPhone = Release|iPhone
		Release|iPhoneSimulator = Release|iPhoneSimulator
	EndGlobalSection
	GlobalSection(ProjectConfigurationPlatforms) = postSolution
		{C9E3822E-A024-4B57-8A47-3A63BF5E5D1E}.Debug|Any CPU.ActiveCfg = Debug|Any CPU
		{C9E3822E-A024-4B57-8A47-3A63BF5E5D1E}.Debug|Any CPU.Build.0 = Debug|Any CPU
		{C9E3822E-A024-4B57-8A47-3A63BF5E5D1E}.Debug|Any CPU.Deploy.0 = Debug|Any CPU
		{C9E3822E-A024-4B57-8A47-3A63BF5E5D1E}.Debug|iPhone.ActiveCfg = Debug|Any CPU
		{C9E3822E-A024-4B57-8A47-3A63BF5E5D1E}.Debug|iPhone.Build.0 = Debug|Any CPU
		{C9E3822E-A024-4B57-8A47-3A63BF5E5D1E}.Debug|iPhone.Deploy.0 = Debug|Any CPU
		{C9E3822E-A024-4B57-8A47-3A63BF5E5D1E}.Debug|iPhoneSimulator.ActiveCfg = Debug|Any CPU
		{C9E3822E-A024-4B57-8A47-3A63BF5E5D1E}.Debug|iPhoneSimulator.Build.0 = Debug|Any CPU
		{C9E3822E-A024-4B57-8A47-3A63BF5E5D1E}.Debug|iPhoneSimulator.Deploy.0 = Debug|Any CPU
		{C9E3822E-A024-4B57-8A47-3A63BF5E5D1E}.Release|Any CPU.ActiveCfg = Release|Any CPU
		{C9E3822E-A024-4B57-8A47-3A63BF5E5D1E}.Release|Any CPU.Build.0 = Release|Any CPU
		{C9E3822E-A024-4B57-8A47-3A63BF5E5D1E}.Release|Any CPU.Deploy.0 = Release|Any CPU
		{C9E3822E-A024-4B57-8A47-3A63BF5E5D1E}.Release|iPhone.ActiveCfg = Release|Any CPU
		{C9E3822E-A024-4B57-8A47-3A63BF5E5D1E}.Release|iPhone.Build.0 = Release|Any CPU
		{C9E3822E-A024-4B57-8A47-3A63BF5E5D1E}.Release|iPhone.Deploy.0 = Release|Any CPU
		{C9E3822E-A024-4B57-8A47-3A63BF5E5D1E}.Release|iPhoneSimulator.ActiveCfg = Release|Any CPU
		{C9E3822E-A024-4B57-8A47-3A63BF5E5D1E}.Release|iPhoneSimulator.Build.0 = Release|Any CPU
		{C9E3822E-A024-4B57-8A47-3A63BF5E5D1E}.Release|iPhoneSimulator.Deploy.0 = Release|Any CPU
		{5D7DA964-F2FA-40AA-9906-E476370E5C5A}.Debug|Any CPU.ActiveCfg = Debug|iPhone
		{5D7DA964-F2FA-40AA-9906-E476370E5C5A}.Debug|Any CPU.Build.0 = Debug|iPhone
		{5D7DA964-F2FA-40AA-9906-E476370E5C5A}.Debug|Any CPU.Deploy.0 = Debug|iPhone
		{5D7DA964-F2FA-40AA-9906-E476370E5C5A}.Debug|iPhone.ActiveCfg = Debug|iPhone
		{5D7DA964-F2FA-40AA-9906-E476370E5C5A}.Debug|iPhone.Build.0 = Debug|iPhone
		{5D7DA964-F2FA-40AA-9906-E476370E5C5A}.Debug|iPhone.Deploy.0 = Debug|iPhone
		{5D7DA964-F2FA-40AA-9906-E476370E5C5A}.Debug|iPhoneSimulator.ActiveCfg = Debug|iPhoneSimulator
		{5D7DA964-F2FA-40AA-9906-E476370E5C5A}.Debug|iPhoneSimulator.Build.0 = Debug|iPhoneSimulator
		{5D7DA964-F2FA-40AA-9906-E476370E5C5A}.Debug|iPhoneSimulator.Deploy.0 = Debug|iPhoneSimulator
		{5D7DA964-F2FA-40AA-9906-E476370E5C5A}.Release|Any CPU.ActiveCfg = Release|iPhoneSimulator
		{5D7DA964-F2FA-40AA-9906-E476370E5C5A}.Release|Any CPU.Build.0 = Release|iPhoneSimulator
		{5D7DA964-F2FA-40AA-9906-E476370E5C5A}.Release|Any CPU.Deploy.0 = Release|iPhoneSimulator
		{5D7DA964-F2FA-40AA-9906-E476370E5C5A}.Release|iPhone.ActiveCfg = Release|iPhone
		{5D7DA964-F2FA-40AA-9906-E476370E5C5A}.Release|iPhone.Build.0 = Release|iPhone
		{5D7DA964-F2FA-40AA-9906-E476370E5C5A}.Release|iPhone.Deploy.0 = Release|iPhone
		{5D7DA964-F2FA-40AA-9906-E476370E5C5A}.Release|iPhoneSimulator.ActiveCfg = Release|iPhoneSimulator
		{5D7DA964-F2FA-40AA-9906-E476370E5C5A}.Release|iPhoneSimulator.Build.0 = Release|iPhoneSimulator
		{5D7DA964-F2FA-40AA-9906-E476370E5C5A}.Release|iPhoneSimulator.Deploy.0 = Release|iPhoneSimulator
		{40B8BD8F-3E26-45AE-AA5B-B0DF26D9AD97}.Debug|Any CPU.ActiveCfg = Debug|Any CPU
		{40B8BD8F-3E26-45AE-AA5B-B0DF26D9AD97}.Debug|Any CPU.Build.0 = Debug|Any CPU
		{40B8BD8F-3E26-45AE-AA5B-B0DF26D9AD97}.Debug|Any CPU.Deploy.0 = Debug|Any CPU
		{40B8BD8F-3E26-45AE-AA5B-B0DF26D9AD97}.Debug|iPhone.ActiveCfg = Debug|Any CPU
		{40B8BD8F-3E26-45AE-AA5B-B0DF26D9AD97}.Debug|iPhone.Build.0 = Debug|Any CPU
		{40B8BD8F-3E26-45AE-AA5B-B0DF26D9AD97}.Debug|iPhone.Deploy.0 = Debug|Any CPU
		{40B8BD8F-3E26-45AE-AA5B-B0DF26D9AD97}.Debug|iPhoneSimulator.ActiveCfg = Debug|Any CPU
		{40B8BD8F-3E26-45AE-AA5B-B0DF26D9AD97}.Debug|iPhoneSimulator.Build.0 = Debug|Any CPU
		{40B8BD8F-3E26-45AE-AA5B-B0DF26D9AD97}.Debug|iPhoneSimulator.Deploy.0 = Debug|Any CPU
		{40B8BD8F-3E26-45AE-AA5B-B0DF26D9AD97}.Release|Any CPU.ActiveCfg = Release|Any CPU
		{40B8BD8F-3E26-45AE-AA5B-B0DF26D9AD97}.Release|Any CPU.Build.0 = Release|Any CPU
		{40B8BD8F-3E26-45AE-AA5B-B0DF26D9AD97}.Release|Any CPU.Deploy.0 = Release|Any CPU
		{40B8BD8F-3E26-45AE-AA5B-B0DF26D9AD97}.Release|iPhone.ActiveCfg = Release|Any CPU
		{40B8BD8F-3E26-45AE-AA5B-B0DF26D9AD97}.Release|iPhone.Build.0 = Release|Any CPU
		{40B8BD8F-3E26-45AE-AA5B-B0DF26D9AD97}.Release|iPhone.Deploy.0 = Release|Any CPU
		{40B8BD8F-3E26-45AE-AA5B-B0DF26D9AD97}.Release|iPhoneSimulator.ActiveCfg = Release|Any CPU
		{40B8BD8F-3E26-45AE-AA5B-B0DF26D9AD97}.Release|iPhoneSimulator.Build.0 = Release|Any CPU
		{40B8BD8F-3E26-45AE-AA5B-B0DF26D9AD97}.Release|iPhoneSimulator.Deploy.0 = Release|Any CPU
	EndGlobalSection
	GlobalSection(SolutionProperties) = preSolution
		HideSolutionNode = FALSE
	EndGlobalSection
	GlobalSection(ExtensibilityGlobals) = postSolution
		SolutionGuid = {F6AB51B3-B703-4245-8E5C-3DCFCA862862}
	EndGlobalSection
EndGlobal
